
Microsoft Visual Studio Solution File, Format Version 12.00
# Visual Studio 14
VisualStudioVersion = 14.0.25123.0
MinimumVisualStudioVersion = 10.0.40219.1
Project("{FAE04EC0-301F-11D3-BF4B-00C04F79EFBC}") = "TodotxtTouch.WindowsPhone", "TodotxtTouch.WindowsPhone\TodotxtTouch.WindowsPhone.csproj", "{399A540C-37B8-4EB2-9E99-3B59633F091B}"
EndProject
Global
	GlobalSection(SolutionConfigurationPlatforms) = preSolution
		Debug|Any CPU = Debug|Any CPU
		Debug|ARM = Debug|ARM
		Debug|x86 = Debug|x86
		Release|Any CPU = Release|Any CPU
		Release|ARM = Release|ARM
		Release|x86 = Release|x86
	EndGlobalSection
	GlobalSection(ProjectConfigurationPlatforms) = postSolution
		{399A540C-37B8-4EB2-9E99-3B59633F091B}.Debug|Any CPU.ActiveCfg = Debug|Any CPU
		{399A540C-37B8-4EB2-9E99-3B59633F091B}.Debug|Any CPU.Build.0 = Debug|Any CPU
		{399A540C-37B8-4EB2-9E99-3B59633F091B}.Debug|Any CPU.Deploy.0 = Debug|Any CPU
		{399A540C-37B8-4EB2-9E99-3B59633F091B}.Debug|ARM.ActiveCfg = Debug|ARM
		{399A540C-37B8-4EB2-9E99-3B59633F091B}.Debug|ARM.Build.0 = Debug|ARM
		{399A540C-37B8-4EB2-9E99-3B59633F091B}.Debug|ARM.Deploy.0 = Debug|ARM
		{399A540C-37B8-4EB2-9E99-3B59633F091B}.Debug|x86.ActiveCfg = Debug|x86
		{399A540C-37B8-4EB2-9E99-3B59633F091B}.Debug|x86.Build.0 = Debug|x86
		{399A540C-37B8-4EB2-9E99-3B59633F091B}.Debug|x86.Deploy.0 = Debug|x86
		{399A540C-37B8-4EB2-9E99-3B59633F091B}.Release|Any CPU.ActiveCfg = Release|Any CPU
		{399A540C-37B8-4EB2-9E99-3B59633F091B}.Release|Any CPU.Build.0 = Release|Any CPU
		{399A540C-37B8-4EB2-9E99-3B59633F091B}.Release|Any CPU.Deploy.0 = Release|Any CPU
		{399A540C-37B8-4EB2-9E99-3B59633F091B}.Release|ARM.ActiveCfg = Release|ARM
		{399A540C-37B8-4EB2-9E99-3B59633F091B}.Release|ARM.Build.0 = Release|ARM
		{399A540C-37B8-4EB2-9E99-3B59633F091B}.Release|ARM.Deploy.0 = Release|ARM
		{399A540C-37B8-4EB2-9E99-3B59633F091B}.Release|x86.ActiveCfg = Release|x86
		{399A540C-37B8-4EB2-9E99-3B59633F091B}.Release|x86.Build.0 = Release|x86
		{399A540C-37B8-4EB2-9E99-3B59633F091B}.Release|x86.Deploy.0 = Release|x86
	EndGlobalSection
	GlobalSection(SolutionProperties) = preSolution
		HideSolutionNode = FALSE
	EndGlobalSection
EndGlobal
